
Microsoft Visual Studio Solution File, Format Version 12.00
# Visual Studio Version 16
VisualStudioVersion = 16.0.29613.14
MinimumVisualStudioVersion = 10.0.40219.1
Project("{FAE04EC0-301F-11D3-BF4B-00C04F79EFBC}") = "NewsService.API", "NewsService.API\NewsService.API.csproj", "{FA9029FB-EE77-4252-B8E8-C391855DFE1F}"
EndProject
Global
	GlobalSection(SolutionConfigurationPlatforms) = preSolution
		Debug|Any CPU = Debug|Any CPU
		Release|Any CPU = Release|Any CPU
	EndGlobalSection
	GlobalSection(ProjectConfigurationPlatforms) = postSolution
		{FA9029FB-EE77-4252-B8E8-C391855DFE1F}.Debug|Any CPU.ActiveCfg = Debug|Any CPU
		{FA9029FB-EE77-4252-B8E8-C391855DFE1F}.Debug|Any CPU.Build.0 = Debug|Any CPU
		{FA9029FB-EE77-4252-B8E8-C391855DFE1F}.Release|Any CPU.ActiveCfg = Release|Any CPU
		{FA9029FB-EE77-4252-B8E8-C391855DFE1F}.Release|Any CPU.Build.0 = Release|Any CPU
	EndGlobalSection
	GlobalSection(SolutionProperties) = preSolution
		HideSolutionNode = FALSE
	EndGlobalSection
	GlobalSection(ExtensibilityGlobals) = postSolution
		SolutionGuid = {52FBDAC0-56DE-42E5-BAA8-DE8B67C93075}
	EndGlobalSection
EndGlobal
